
Microsoft Visual Studio Solution File, Format Version 12.00
# Visual Studio Version 16
VisualStudioVersion = 16.0.30204.135
MinimumVisualStudioVersion = 10.0.40219.1
Project("{9A19103F-16F7-4668-BE54-9A1E7A4F7556}") = "BookStoreApp", "BookStoreApp\BookStoreApp.csproj", "{18D130E7-A5AA-4E6A-97B1-107C7D535815}"
EndProject
Project("{FAE04EC0-301F-11D3-BF4B-00C04F79EFBC}") = "BusinessLayer", "BusinessLayer\BusinessLayer.csproj", "{F7E8F84F-A44C-45A3-8096-D1E3ECD15AEC}"
EndProject
Project("{FAE04EC0-301F-11D3-BF4B-00C04F79EFBC}") = "CommonLayer", "CommonLayer\CommonLayer.csproj", "{8CD50E6E-1A7E-44C3-84F1-0932EA451612}"
EndProject
Project("{FAE04EC0-301F-11D3-BF4B-00C04F79EFBC}") = "RepositoryLayer", "RepositoryLayer\RepositoryLayer.csproj", "{8BD448A8-05E5-491E-98DD-EBCB723DAC23}"
EndProject
Global
	GlobalSection(SolutionConfigurationPlatforms) = preSolution
		Debug|Any CPU = Debug|Any CPU
		Release|Any CPU = Release|Any CPU
	EndGlobalSection
	GlobalSection(ProjectConfigurationPlatforms) = postSolution
		{18D130E7-A5AA-4E6A-97B1-107C7D535815}.Debug|Any CPU.ActiveCfg = Debug|Any CPU
		{18D130E7-A5AA-4E6A-97B1-107C7D535815}.Debug|Any CPU.Build.0 = Debug|Any CPU
		{18D130E7-A5AA-4E6A-97B1-107C7D535815}.Release|Any CPU.ActiveCfg = Release|Any CPU
		{18D130E7-A5AA-4E6A-97B1-107C7D535815}.Release|Any CPU.Build.0 = Release|Any CPU
		{F7E8F84F-A44C-45A3-8096-D1E3ECD15AEC}.Debug|Any CPU.ActiveCfg = Debug|Any CPU
		{F7E8F84F-A44C-45A3-8096-D1E3ECD15AEC}.Debug|Any CPU.Build.0 = Debug|Any CPU
		{F7E8F84F-A44C-45A3-8096-D1E3ECD15AEC}.Release|Any CPU.ActiveCfg = Release|Any CPU
		{F7E8F84F-A44C-45A3-8096-D1E3ECD15AEC}.Release|Any CPU.Build.0 = Release|Any CPU
		{8CD50E6E-1A7E-44C3-84F1-0932EA451612}.Debug|Any CPU.ActiveCfg = Debug|Any CPU
		{8CD50E6E-1A7E-44C3-84F1-0932EA451612}.Debug|Any CPU.Build.0 = Debug|Any CPU
		{8CD50E6E-1A7E-44C3-84F1-0932EA451612}.Release|Any CPU.ActiveCfg = Release|Any CPU
		{8CD50E6E-1A7E-44C3-84F1-0932EA451612}.Release|Any CPU.Build.0 = Release|Any CPU
		{8BD448A8-05E5-491E-98DD-EBCB723DAC23}.Debug|Any CPU.ActiveCfg = Debug|Any CPU
		{8BD448A8-05E5-491E-98DD-EBCB723DAC23}.Debug|Any CPU.Build.0 = Debug|Any CPU
		{8BD448A8-05E5-491E-98DD-EBCB723DAC23}.Release|Any CPU.ActiveCfg = Release|Any CPU
		{8BD448A8-05E5-491E-98DD-EBCB723DAC23}.Release|Any CPU.Build.0 = Release|Any CPU
	EndGlobalSection
	GlobalSection(SolutionProperties) = preSolution
		HideSolutionNode = FALSE
	EndGlobalSection
	GlobalSection(ExtensibilityGlobals) = postSolution
		SolutionGuid = {2B15758D-075D-47A1-BF8D-A5882F4150FA}
	EndGlobalSection
EndGlobal
